// !$*UTF8*$!
{
	archiveVersion = 1;
	classes = {
	};
	objectVersion = 77;
	objects = {

/* Begin PBXBuildFile section */
		1231900A872268EA538D1B1C /* GoogleSignIn in Frameworks */ = {isa = PBXBuildFile; productRef = C0CE4ADC6976485BAB17898C /* GoogleSignIn */; };
		13DDDCE651ECC0E47EE4DEB4 /* Usercentrics in Frameworks */ = {isa = PBXBuildFile; productRef = 8ACD4077E5416A05E3EE7A27 /* Usercentrics */; };
		A0761A06B27D99AF03EDE904 /* Mixpanel in Frameworks */ = {isa = PBXBuildFile; productRef = D516662A00304CA0143C8447 /* Mixpanel */; };
		AF64C489AC9632B6B0BDCDC7 /* UsercentricsUI in Frameworks */ = {isa = PBXBuildFile; productRef = 8B899F62C6ED245F84128657 /* UsercentricsUI */; };
		BCCCFCB761629324C9932B83 /* KotlinMultiplatformLinkedPackage in Frameworks */ = {isa = PBXBuildFile; productRef = 51C0C0D019062C48A43FCB66 /* KotlinMultiplatformLinkedPackage */; };
		C1D2E3F4A5B6789012345A04 /* FacebookCore in Frameworks */ = {isa = PBXBuildFile; productRef = A1B2C3D4E5F6789012345A02 /* FacebookCore */; };
		D1E2F3A4B5C6789012345A05 /* FacebookLogin in Frameworks */ = {isa = PBXBuildFile; productRef = B1C2C3D4E5F6789012345A03 /* FacebookLogin */; };
/* End PBXBuildFile section */

/* Begin PBXFileReference section */
		B3BF5EBA2F4E482900ADA5FD /* PurecipesIOSApp.app */ = {isa = PBXFileReference; explicitFileType = wrapper.application; includeInIndex = 0; path = PurecipesIOSApp.app; sourceTree = BUILT_PRODUCTS_DIR; };
/* End PBXFileReference section */

/* Begin PBXFileSystemSynchronizedRootGroup section */
		B3BF5EBC2F4E482900ADA5FD /* PurecipesIOSApp */ = {
			isa = PBXFileSystemSynchronizedRootGroup;
			path = PurecipesIOSApp;
			sourceTree = "<group>";
		};
/* End PBXFileSystemSynchronizedRootGroup section */

/* Begin PBXFrameworksBuildPhase section */
		B3BF5EB72F4E482900ADA5FD /* Frameworks */ = {
			isa = PBXFrameworksBuildPhase;
			buildActionMask = 2147483647;
			files = (
				BCCCFCB761629324C9932B83 /* KotlinMultiplatformLinkedPackage in Frameworks */,
				C1D2E3F4A5B6789012345A04 /* FacebookCore in Frameworks */,
				D1E2F3A4B5C6789012345A05 /* FacebookLogin in Frameworks */,
				1231900A872268EA538D1B1C /* GoogleSignIn in Frameworks */,
				A0761A06B27D99AF03EDE904 /* Mixpanel in Frameworks */,
				13DDDCE651ECC0E47EE4DEB4 /* Usercentrics in Frameworks */,
				AF64C489AC9632B6B0BDCDC7 /* UsercentricsUI in Frameworks */,
			);
			runOnlyForDeploymentPostprocessing = 0;
		};
/* End PBXFrameworksBuildPhase section */

/* Begin PBXGroup section */
		B3BF5EB12F4E482900ADA5FD = {
			isa = PBXGroup;
			children = (
				B3BF5EBC2F4E482900ADA5FD /* PurecipesIOSApp */,
				B3BF5EBB2F4E482900ADA5FD /* Products */,
			);
			sourceTree = "<group>";
		};
		B3BF5EBB2F4E482900ADA5FD /* Products */ = {
			isa = PBXGroup;
			children = (
				B3BF5EBA2F4E482900ADA5FD /* PurecipesIOSApp.app */,
			);
			name = Products;
			sourceTree = "<group>";
		};
/* End PBXGroup section */

/* Begin PBXNativeTarget section */
		B3BF5EB92F4E482900ADA5FD /* PurecipesIOSApp */ = {
			isa = PBXNativeTarget;
			buildConfigurationList = B3BF5EC52F4E482B00ADA5FD /* Build configuration list for PBXNativeTarget "PurecipesIOSApp" */;
			buildPhases = (
				E5F6A7B8C9D0123456789A03 /* Fetch Usercentrics XCFrameworks */,
				B3BF5ED62F4E54C300ADA5FD /* ShellScript */,
				B3BF5EB62F4E482900ADA5FD /* Sources */,
				B3BF5EB72F4E482900ADA5FD /* Frameworks */,
				B3BF5EB82F4E482900ADA5FD /* Resources */,
			);
			buildRules = (
			);
			dependencies = (
			);
			fileSystemSynchronizedGroups = (
				B3BF5EBC2F4E482900ADA5FD /* PurecipesIOSApp */,
			);
			name = PurecipesIOSApp;
			packageProductDependencies = (
				51C0C0D019062C48A43FCB66 /* KotlinMultiplatformLinkedPackage */,
				A1B2C3D4E5F6789012345A02 /* FacebookCore */,
				B1C2C3D4E5F6789012345A03 /* FacebookLogin */,
				C0CE4ADC6976485BAB17898C /* GoogleSignIn */,
				D516662A00304CA0143C8447 /* Mixpanel */,
				8ACD4077E5416A05E3EE7A27 /* Usercentrics */,
				8B899F62C6ED245F84128657 /* UsercentricsUI */,
			);
			productName = PurecipesIOSApp;
			productReference = B3BF5EBA2F4E482900ADA5FD /* PurecipesIOSApp.app */;
			productType = "com.apple.product-type.application";
		};
/* End PBXNativeTarget section */

/* Begin PBXProject section */
		B3BF5EB22F4E482900ADA5FD /* Project object */ = {
			isa = PBXProject;
			attributes = {
				BuildIndependentTargetsInParallel = 1;
				LastSwiftUpdateCheck = 2600;
				LastUpgradeCheck = 2600;
				TargetAttributes = {
					B3BF5EB92F4E482900ADA5FD = {
						CreatedOnToolsVersion = 26.0.1;
						SystemCapabilities = {
							com.apple.Push = {
								enabled = 1;
							};
							com.apple.SignInWithApple = {
								enabled = 1;
							};
						};
					};
				};
			};
			buildConfigurationList = B3BF5EB52F4E482900ADA5FD /* Build configuration list for PBXProject "PurecipesIOSApp" */;
			developmentRegion = en;
			hasScannedForEncodings = 0;
			knownRegions = (
				en,
				Base,
			);
			mainGroup = B3BF5EB12F4E482900ADA5FD;
			minimizedProjectReferenceProxies = 1;
			packageReferences = (
				F1A2B3C4D5E6789012345A01 /* XCRemoteSwiftPackageReference "facebook-ios-sdk" */,
				A9C63FA9BC6BE0B9B64D1406 /* XCRemoteSwiftPackageReference "GoogleSignIn-iOS" */,
				5A99350683F31775B3596324 /* XCRemoteSwiftPackageReference "mixpanel-swift" */,
				C3D4E5F6A7B8901234567A01 /* XCLocalSwiftPackageReference "usercentrics-spm-sdk" */,
				D4E5F6A7B8C9012345678A02 /* XCLocalSwiftPackageReference "usercentrics-spm-ui" */,
				A4805AE8B0BA593A3BAA4E38 /* XCLocalSwiftPackageReference "KotlinMultiplatformLinkedPackage" */,
			);
			preferredProjectObjectVersion = 77;
			productRefGroup = B3BF5EBB2F4E482900ADA5FD /* Products */;
			projectDirPath = "";
			projectRoot = "";
			targets = (
				B3BF5EB92F4E482900ADA5FD /* PurecipesIOSApp */,
			);
		};
/* End PBXProject section */

/* Begin PBXResourcesBuildPhase section */
		B3BF5EB82F4E482900ADA5FD /* Resources */ = {
			isa = PBXResourcesBuildPhase;
			buildActionMask = 2147483647;
			files = (
			);
			runOnlyForDeploymentPostprocessing = 0;
		};
/* End PBXResourcesBuildPhase section */

/* Begin PBXShellScriptBuildPhase section */
		E5F6A7B8C9D0123456789A03 /* Fetch Usercentrics XCFrameworks */ = {
			isa = PBXShellScriptBuildPhase;
			buildActionMask = 2147483647;
			files = (
			);
			inputFileListPaths = (
			);
			inputPaths = (
			);
			name = "Fetch Usercentrics XCFrameworks";
			outputFileListPaths = (
			);
			outputPaths = (
				"$(DERIVED_FILE_DIR)/usercentrics-xcframeworks.stamp",
			);
			runOnlyForDeploymentPostprocessing = 0;
			shellPath = /bin/sh;
			shellScript = "\"$SRCROOT/../../scripts/ios/fetch-usercentrics-xcframeworks.sh\"\ntouch \"$DERIVED_FILE_DIR/usercentrics-xcframeworks.stamp\"\n";
			showEnvVarsInLog = 0;
		};
		B3BF5ED62F4E54C300ADA5FD /* ShellScript */ = {
			isa = PBXShellScriptBuildPhase;
			buildActionMask = 2147483647;
			files = (
			);
			inputFileListPaths = (
			);
			inputPaths = (
			);
			outputFileListPaths = (
			);
			outputPaths = (
				"$(BUILT_PRODUCTS_DIR)/$(FRAMEWORKS_FOLDER_PATH)/umbrella.framework",
			);
			runOnlyForDeploymentPostprocessing = 0;
			shellPath = /bin/sh;
			shellScript = "\"$SRCROOT/../../scripts/ios/embed-kotlin-framework.sh\"\n";
		};
/* End PBXShellScriptBuildPhase section */

/* Begin PBXSourcesBuildPhase section */
		B3BF5EB62F4E482900ADA5FD /* Sources */ = {
			isa = PBXSourcesBuildPhase;
			buildActionMask = 2147483647;
			files = (
			);
			runOnlyForDeploymentPostprocessing = 0;
		};
/* End PBXSourcesBuildPhase section */

/* Begin XCBuildConfiguration section */
		B3BF5EC32F4E482B00ADA5FD /* Debug */ = {
			isa = XCBuildConfiguration;
			buildSettings = {
				ALWAYS_SEARCH_USER_PATHS = NO;
				ASSETCATALOG_COMPILER_GENERATE_SWIFT_ASSET_SYMBOL_EXTENSIONS = YES;
				CLANG_ANALYZER_NONNULL = YES;
				CLANG_ANALYZER_NUMBER_OBJECT_CONVERSION = YES_AGGRESSIVE;
				CLANG_CXX_LANGUAGE_STANDARD = "gnu++20";
				CLANG_ENABLE_MODULES = YES;
				CLANG_ENABLE_OBJC_ARC = YES;
				CLANG_ENABLE_OBJC_WEAK = YES;
				CLANG_WARN_BLOCK_CAPTURE_AUTORELEASING = YES;
				CLANG_WARN_BOOL_CONVERSION = YES;
				CLANG_WARN_COMMA = YES;
				CLANG_WARN_CONSTANT_CONVERSION = YES;
				CLANG_WARN_DEPRECATED_OBJC_IMPLEMENTATIONS = YES;
				CLANG_WARN_DIRECT_OBJC_ISA_USAGE = YES_ERROR;
				CLANG_WARN_DOCUMENTATION_COMMENTS = YES;
				CLANG_WARN_EMPTY_BODY = YES;
				CLANG_WARN_ENUM_CONVERSION = YES;
				CLANG_WARN_INFINITE_RECURSION = YES;
				CLANG_WARN_INT_CONVERSION = YES;
				CLANG_WARN_NON_LITERAL_NULL_CONVERSION = YES;
				CLANG_WARN_OBJC_IMPLICIT_RETAIN_SELF = YES;
				CLANG_WARN_OBJC_LITERAL_CONVERSION = YES;
				CLANG_WARN_OBJC_ROOT_CLASS = YES_ERROR;
				CLANG_WARN_QUOTED_INCLUDE_IN_FRAMEWORK_HEADER = YES;
				CLANG_WARN_RANGE_LOOP_ANALYSIS = YES;
				CLANG_WARN_STRICT_PROTOTYPES = YES;
				CLANG_WARN_SUSPICIOUS_MOVE = YES;
				CLANG_WARN_UNGUARDED_AVAILABILITY = YES_AGGRESSIVE;
				CLANG_WARN_UNREACHABLE_CODE = YES;
				CLANG_WARN__DUPLICATE_METHOD_MATCH = YES;
				COPY_PHASE_STRIP = NO;
				DEBUG_INFORMATION_FORMAT = dwarf;
				ENABLE_STRICT_OBJC_MSGSEND = YES;
				ENABLE_TESTABILITY = YES;
				ENABLE_USER_SCRIPT_SANDBOXING = NO;
				GCC_C_LANGUAGE_STANDARD = gnu17;
				GCC_DYNAMIC_NO_PIC = NO;
				GCC_NO_COMMON_BLOCKS = YES;
				GCC_OPTIMIZATION_LEVEL = 0;
				GCC_PREPROCESSOR_DEFINITIONS = (
					"DEBUG=1",
					"$(inherited)",
				);
				GCC_WARN_64_TO_32_BIT_CONVERSION = YES;
				GCC_WARN_ABOUT_RETURN_TYPE = YES_ERROR;
				GCC_WARN_UNDECLARED_SELECTOR = YES;
				GCC_WARN_UNINITIALIZED_AUTOS = YES_AGGRESSIVE;
				GCC_WARN_UNUSED_FUNCTION = YES;
				GCC_WARN_UNUSED_VARIABLE = YES;
				IPHONEOS_DEPLOYMENT_TARGET = 26.0;
				LOCALIZATION_PREFERS_STRING_CATALOGS = YES;
				MTL_ENABLE_DEBUG_INFO = INCLUDE_SOURCE;
				MTL_FAST_MATH = YES;
				ONLY_ACTIVE_ARCH = YES;
				SDKROOT = iphoneos;
				SWIFT_ACTIVE_COMPILATION_CONDITIONS = "DEBUG $(inherited)";
				SWIFT_OPTIMIZATION_LEVEL = "-Onone";
			};
			name = Debug;
		};
		B3BF5EC42F4E482B00ADA5FD /* Release */ = {
			isa = XCBuildConfiguration;
			buildSettings = {
				ALWAYS_SEARCH_USER_PATHS = NO;
				ASSETCATALOG_COMPILER_GENERATE_SWIFT_ASSET_SYMBOL_EXTENSIONS = YES;
				CLANG_ANALYZER_NONNULL = YES;
				CLANG_ANALYZER_NUMBER_OBJECT_CONVERSION = YES_AGGRESSIVE;
				CLANG_CXX_LANGUAGE_STANDARD = "gnu++20";
				CLANG_ENABLE_MODULES = YES;
				CLANG_ENABLE_OBJC_ARC = YES;
				CLANG_ENABLE_OBJC_WEAK = YES;
				CLANG_WARN_BLOCK_CAPTURE_AUTORELEASING = YES;
				CLANG_WARN_BOOL_CONVERSION = YES;
				CLANG_WARN_COMMA = YES;
				CLANG_WARN_CONSTANT_CONVERSION = YES;
				CLANG_WARN_DEPRECATED_OBJC_IMPLEMENTATIONS = YES;
				CLANG_WARN_DIRECT_OBJC_ISA_USAGE = YES_ERROR;
				CLANG_WARN_DOCUMENTATION_COMMENTS = YES;
				CLANG_WARN_EMPTY_BODY = YES;
				CLANG_WARN_ENUM_CONVERSION = YES;
				CLANG_WARN_INFINITE_RECURSION = YES;
				CLANG_WARN_INT_CONVERSION = YES;
				CLANG_WARN_NON_LITERAL_NULL_CONVERSION = YES;
				CLANG_WARN_OBJC_IMPLICIT_RETAIN_SELF = YES;
				CLANG_WARN_OBJC_LITERAL_CONVERSION = YES;
				CLANG_WARN_OBJC_ROOT_CLASS = YES_ERROR;
				CLANG_WARN_QUOTED_INCLUDE_IN_FRAMEWORK_HEADER = YES;
				CLANG_WARN_RANGE_LOOP_ANALYSIS = YES;
				CLANG_WARN_STRICT_PROTOTYPES = YES;
				CLANG_WARN_SUSPICIOUS_MOVE = YES;
				CLANG_WARN_UNGUARDED_AVAILABILITY = YES_AGGRESSIVE;
				CLANG_WARN_UNREACHABLE_CODE = YES;
				CLANG_WARN__DUPLICATE_METHOD_MATCH = YES;
				COPY_PHASE_STRIP = NO;
				DEBUG_INFORMATION_FORMAT = "dwarf-with-dsym";
				ENABLE_NS_ASSERTIONS = NO;
				ENABLE_STRICT_OBJC_MSGSEND = YES;
				ENABLE_USER_SCRIPT_SANDBOXING = NO;
				GCC_C_LANGUAGE_STANDARD = gnu17;
				GCC_NO_COMMON_BLOCKS = YES;
				GCC_WARN_64_TO_32_BIT_CONVERSION = YES;
				GCC_WARN_ABOUT_RETURN_TYPE = YES_ERROR;
				GCC_WARN_UNDECLARED_SELECTOR = YES;
				GCC_WARN_UNINITIALIZED_AUTOS = YES_AGGRESSIVE;
				GCC_WARN_UNUSED_FUNCTION = YES;
				GCC_WARN_UNUSED_VARIABLE = YES;
				IPHONEOS_DEPLOYMENT_TARGET = 26.0;
				LOCALIZATION_PREFERS_STRING_CATALOGS = YES;
				MTL_ENABLE_DEBUG_INFO = NO;
				MTL_FAST_MATH = YES;
				SDKROOT = iphoneos;
				SWIFT_COMPILATION_MODE = wholemodule;
				VALIDATE_PRODUCT = YES;
			};
			name = Release;
		};
		B3BF5EC62F4E482B00ADA5FD /* Debug */ = {
			isa = XCBuildConfiguration;
			buildSettings = {
				ASSETCATALOG_COMPILER_APPICON_NAME = "AppIcon-Debug";
				ASSETCATALOG_COMPILER_GLOBAL_ACCENT_COLOR_NAME = AccentColor;
				CODE_SIGN_ENTITLEMENTS = Config/PurecipesIOSApp.entitlements;
				CODE_SIGN_STYLE = Automatic;
				CURRENT_PROJECT_VERSION = 1;
				ENABLE_PREVIEWS = YES;
				"EXCLUDED_ARCHS[sdk=iphonesimulator*]" = x86_64;
				GENERATE_INFOPLIST_FILE = NO;
				INFOPLIST_FILE = Config/Info.plist;
				LD_RUNPATH_SEARCH_PATHS = (
					"$(inherited)",
					"@executable_path/Frameworks",
				);
				MARKETING_VERSION = 1.0;
				PRODUCT_BUNDLE_IDENTIFIER = app.purecipes.PurecipesIOSApp;
				PRODUCT_NAME = "$(TARGET_NAME)";
				PURECIPES_FACEBOOK_APP_ID = 1740550936936015;
				PURECIPES_FACEBOOK_CLIENT_TOKEN = 63dcd5737777e08bfe1bf256342b6a9f;
				PURECIPES_FACEBOOK_DISPLAY_NAME = Purecipes;
				PURECIPES_GOOGLE_IOS_CLIENT_ID = "922845075790-c274na6hroesrddmf7p3nusihvblg55f.apps.googleusercontent.com";
				PURECIPES_GOOGLE_IOS_REVERSED_CLIENT_ID = "com.googleusercontent.apps.922845075790-c274na6hroesrddmf7p3nusihvblg55f";
				PURECIPES_GOOGLE_WEB_CLIENT_ID = "922845075790-aiom7ev08u8uamcrlt9714kfmfumked7.apps.googleusercontent.com";
				STRING_CATALOG_GENERATE_SYMBOLS = YES;
				SWIFT_APPROACHABLE_CONCURRENCY = YES;
				SWIFT_DEFAULT_ACTOR_ISOLATION = MainActor;
				SWIFT_EMIT_LOC_STRINGS = YES;
				SWIFT_UPCOMING_FEATURE_MEMBER_IMPORT_VISIBILITY = YES;
				SWIFT_VERSION = 5.0;
				TARGETED_DEVICE_FAMILY = "1,2";
			};
			name = Debug;
		};
		B3BF5EC72F4E482B00ADA5FD /* Release */ = {
			isa = XCBuildConfiguration;
			buildSettings = {
				ASSETCATALOG_COMPILER_APPICON_NAME = AppIcon;
				ASSETCATALOG_COMPILER_GLOBAL_ACCENT_COLOR_NAME = AccentColor;
				CODE_SIGN_ENTITLEMENTS = Config/PurecipesIOSApp.entitlements;
				CODE_SIGN_STYLE = Automatic;
				CURRENT_PROJECT_VERSION = 1;
				ENABLE_PREVIEWS = YES;
				"EXCLUDED_ARCHS[sdk=iphonesimulator*]" = x86_64;
				GENERATE_INFOPLIST_FILE = NO;
				INFOPLIST_FILE = Config/Info.plist;
				LD_RUNPATH_SEARCH_PATHS = (
					"$(inherited)",
					"@executable_path/Frameworks",
				);
				MARKETING_VERSION = 1.0;
				PRODUCT_BUNDLE_IDENTIFIER = app.purecipes.PurecipesIOSApp;
				PRODUCT_NAME = "$(TARGET_NAME)";
				PURECIPES_FACEBOOK_APP_ID = 1740550936936015;
				PURECIPES_FACEBOOK_CLIENT_TOKEN = 63dcd5737777e08bfe1bf256342b6a9f;
				PURECIPES_FACEBOOK_DISPLAY_NAME = Purecipes;
				PURECIPES_GOOGLE_IOS_CLIENT_ID = "922845075790-c274na6hroesrddmf7p3nusihvblg55f.apps.googleusercontent.com";
				PURECIPES_GOOGLE_IOS_REVERSED_CLIENT_ID = "com.googleusercontent.apps.922845075790-c274na6hroesrddmf7p3nusihvblg55f";
				PURECIPES_GOOGLE_WEB_CLIENT_ID = "922845075790-aiom7ev08u8uamcrlt9714kfmfumked7.apps.googleusercontent.com";
				STRING_CATALOG_GENERATE_SYMBOLS = YES;
				SWIFT_APPROACHABLE_CONCURRENCY = YES;
				SWIFT_DEFAULT_ACTOR_ISOLATION = MainActor;
				SWIFT_EMIT_LOC_STRINGS = YES;
				SWIFT_UPCOMING_FEATURE_MEMBER_IMPORT_VISIBILITY = YES;
				SWIFT_VERSION = 5.0;
				TARGETED_DEVICE_FAMILY = "1,2";
			};
			name = Release;
		};
/* End XCBuildConfiguration section */

/* Begin XCConfigurationList section */
		B3BF5EB52F4E482900ADA5FD /* Build configuration list for PBXProject "PurecipesIOSApp" */ = {
			isa = XCConfigurationList;
			buildConfigurations = (
				B3BF5EC32F4E482B00ADA5FD /* Debug */,
				B3BF5EC42F4E482B00ADA5FD /* Release */,
			);
			defaultConfigurationIsVisible = 0;
			defaultConfigurationName = Release;
		};
		B3BF5EC52F4E482B00ADA5FD /* Build configuration list for PBXNativeTarget "PurecipesIOSApp" */ = {
			isa = XCConfigurationList;
			buildConfigurations = (
				B3BF5EC62F4E482B00ADA5FD /* Debug */,
				B3BF5EC72F4E482B00ADA5FD /* Release */,
			);
			defaultConfigurationIsVisible = 0;
			defaultConfigurationName = Release;
		};
/* End XCConfigurationList section */

/* Begin XCLocalSwiftPackageReference section */
		A4805AE8B0BA593A3BAA4E38 /* XCLocalSwiftPackageReference "KotlinMultiplatformLinkedPackage" */ = {
			isa = XCLocalSwiftPackageReference;
			relativePath = KotlinMultiplatformLinkedPackage;
		};
		C3D4E5F6A7B8901234567A01 /* XCLocalSwiftPackageReference "usercentrics-spm-sdk" */ = {
			isa = XCLocalSwiftPackageReference;
			relativePath = LocalPackages/usercentrics-spm-sdk;
		};
		D4E5F6A7B8C9012345678A02 /* XCLocalSwiftPackageReference "usercentrics-spm-ui" */ = {
			isa = XCLocalSwiftPackageReference;
			relativePath = LocalPackages/usercentrics-spm-ui;
		};
/* End XCLocalSwiftPackageReference section */

/* Begin XCRemoteSwiftPackageReference section */
		5A99350683F31775B3596324 /* XCRemoteSwiftPackageReference "mixpanel-swift" */ = {
			isa = XCRemoteSwiftPackageReference;
			repositoryURL = "https://github.com/mixpanel/mixpanel-swift";
			requirement = {
				kind = upToNextMajorVersion;
				minimumVersion = 6.1.0;
			};
		};
		A9C63FA9BC6BE0B9B64D1406 /* XCRemoteSwiftPackageReference "GoogleSignIn-iOS" */ = {
			isa = XCRemoteSwiftPackageReference;
			repositoryURL = "https://github.com/google/GoogleSignIn-iOS";
			requirement = {
				kind = upToNextMajorVersion;
				minimumVersion = 9.1.0;
			};
		};
		F1A2B3C4D5E6789012345A01 /* XCRemoteSwiftPackageReference "facebook-ios-sdk" */ = {
			isa = XCRemoteSwiftPackageReference;
			repositoryURL = "https://github.com/facebook/facebook-ios-sdk";
			requirement = {
				kind = upToNextMajorVersion;
				minimumVersion = 18.0.0;
			};
		};
/* End XCRemoteSwiftPackageReference section */

/* Begin XCSwiftPackageProductDependency section */
		51C0C0D019062C48A43FCB66 /* KotlinMultiplatformLinkedPackage */ = {
			isa = XCSwiftPackageProductDependency;
			productName = KotlinMultiplatformLinkedPackage;
		};
		8ACD4077E5416A05E3EE7A27 /* Usercentrics */ = {
			isa = XCSwiftPackageProductDependency;
			productName = Usercentrics;
		};
		8B899F62C6ED245F84128657 /* UsercentricsUI */ = {
			isa = XCSwiftPackageProductDependency;
			productName = UsercentricsUI;
		};
		A1B2C3D4E5F6789012345A02 /* FacebookCore */ = {
			isa = XCSwiftPackageProductDependency;
			package = F1A2B3C4D5E6789012345A01 /* XCRemoteSwiftPackageReference "facebook-ios-sdk" */;
			productName = FacebookCore;
		};
		B1C2C3D4E5F6789012345A03 /* FacebookLogin */ = {
			isa = XCSwiftPackageProductDependency;
			package = F1A2B3C4D5E6789012345A01 /* XCRemoteSwiftPackageReference "facebook-ios-sdk" */;
			productName = FacebookLogin;
		};
		C0CE4ADC6976485BAB17898C /* GoogleSignIn */ = {
			isa = XCSwiftPackageProductDependency;
			package = A9C63FA9BC6BE0B9B64D1406 /* XCRemoteSwiftPackageReference "GoogleSignIn-iOS" */;
			productName = GoogleSignIn;
		};
		D516662A00304CA0143C8447 /* Mixpanel */ = {
			isa = XCSwiftPackageProductDependency;
			package = 5A99350683F31775B3596324 /* XCRemoteSwiftPackageReference "mixpanel-swift" */;
			productName = Mixpanel;
		};
/* End XCSwiftPackageProductDependency section */
	};
	rootObject = B3BF5EB22F4E482900ADA5FD /* Project object */;
}
